// !$*UTF8*$!
{
	archiveVersion = 1;
	classes = {
	};
	objectVersion = 55;
	objects = {

/* Begin PBXBuildFile section */
		758C0D142850AAAB006CA012 /* Main.storyboard in Resources */ = {isa = PBXBuildFile; fileRef = 758C0D132850AAAB006CA012 /* Main.storyboard */; };
		75F2BFEB2850884300B639F7 /* AppDelegate.swift in Sources */ = {isa = PBXBuildFile; fileRef = 75F2BFEA2850884300B639F7 /* AppDelegate.swift */; };
		75F2BFED2850884300B639F7 /* SceneDelegate.swift in Sources */ = {isa = PBXBuildFile; fileRef = 75F2BFEC2850884300B639F7 /* SceneDelegate.swift */; };
		75F2BFF42850884400B639F7 /* Assets.xcassets in Resources */ = {isa = PBXBuildFile; fileRef = 75F2BFF32850884400B639F7 /* Assets.xcassets */; };
		75F2BFF72850884400B639F7 /* LaunchScreen.storyboard in Resources */ = {isa = PBXBuildFile; fileRef = 75F2BFF52850884400B639F7 /* LaunchScreen.storyboard */; };
		75F2C000285088CE00B639F7 /* RxCocoa in Frameworks */ = {isa = PBXBuildFile; productRef = 75F2BFFF285088CE00B639F7 /* RxCocoa */; };
		75F2C002285088CE00B639F7 /* RxSwift in Frameworks */ = {isa = PBXBuildFile; productRef = 75F2C001285088CE00B639F7 /* RxSwift */; };
		75F2C0072850A4AD00B639F7 /* Task.swift in Sources */ = {isa = PBXBuildFile; fileRef = 75F2C0062850A4AC00B639F7 /* Task.swift */; };
		75F2C00B2850A52D00B639F7 /* TaskListViewController.swift in Sources */ = {isa = PBXBuildFile; fileRef = 75F2C00A2850A52D00B639F7 /* TaskListViewController.swift */; };
		75F2C00D2850A53E00B639F7 /* AddTaskViewController.swift in Sources */ = {isa = PBXBuildFile; fileRef = 75F2C00C2850A53E00B639F7 /* AddTaskViewController.swift */; };
		75F2C0122850A84E00B639F7 /* TaskTableViewCell.swift in Sources */ = {isa = PBXBuildFile; fileRef = 75F2C0102850A84E00B639F7 /* TaskTableViewCell.swift */; };
		75F2C0132850A84E00B639F7 /* TaskTableViewCell.xib in Resources */ = {isa = PBXBuildFile; fileRef = 75F2C0112850A84E00B639F7 /* TaskTableViewCell.xib */; };
/* End PBXBuildFile section */

/* Begin PBXFileReference section */
		758C0D132850AAAB006CA012 /* Main.storyboard */ = {isa = PBXFileReference; lastKnownFileType = file.storyboard; path = Main.storyboard; sourceTree = "<group>"; };
		75F2BFE72850884300B639F7 /* HelloRxSwift.app */ = {isa = PBXFileReference; explicitFileType = wrapper.application; includeInIndex = 0; path = HelloRxSwift.app; sourceTree = BUILT_PRODUCTS_DIR; };
		75F2BFEA2850884300B639F7 /* AppDelegate.swift */ = {isa = PBXFileReference; lastKnownFileType = sourcecode.swift; path = AppDelegate.swift; sourceTree = "<group>"; };
		75F2BFEC2850884300B639F7 /* SceneDelegate.swift */ = {isa = PBXFileReference; lastKnownFileType = sourcecode.swift; path = SceneDelegate.swift; sourceTree = "<group>"; };
		75F2BFF32850884400B639F7 /* Assets.xcassets */ = {isa = PBXFileReference; lastKnownFileType = folder.assetcatalog; path = Assets.xcassets; sourceTree = "<group>"; };
		75F2BFF62850884400B639F7 /* Base */ = {isa = PBXFileReference; lastKnownFileType = file.storyboard; name = Base; path = Base.lproj/LaunchScreen.storyboard; sourceTree = "<group>"; };
		75F2BFF82850884400B639F7 /* Info.plist */ = {isa = PBXFileReference; lastKnownFileType = text.plist.xml; path = Info.plist; sourceTree = "<group>"; };
		75F2C00528508C7D00B639F7 /* HelloRxSwift.playground */ = {isa = PBXFileReference; lastKnownFileType = file.playground; path = HelloRxSwift.playground; sourceTree = "<group>"; xcLanguageSpecificationIdentifier = xcode.lang.swift; };
		75F2C0062850A4AC00B639F7 /* Task.swift */ = {isa = PBXFileReference; lastKnownFileType = sourcecode.swift; path = Task.swift; sourceTree = "<group>"; };
		75F2C00A2850A52D00B639F7 /* TaskListViewController.swift */ = {isa = PBXFileReference; lastKnownFileType = sourcecode.swift; path = TaskListViewController.swift; sourceTree = "<group>"; };
		75F2C00C2850A53E00B639F7 /* AddTaskViewController.swift */ = {isa = PBXFileReference; lastKnownFileType = sourcecode.swift; path = AddTaskViewController.swift; sourceTree = "<group>"; };
		75F2C0102850A84E00B639F7 /* TaskTableViewCell.swift */ = {isa = PBXFileReference; lastKnownFileType = sourcecode.swift; path = TaskTableViewCell.swift; sourceTree = "<group>"; };
		75F2C0112850A84E00B639F7 /* TaskTableViewCell.xib */ = {isa = PBXFileReference; lastKnownFileType = file.xib; path = TaskTableViewCell.xib; sourceTree = "<group>"; };
/* End PBXFileReference section */

/* Begin PBXFrameworksBuildPhase section */
		75F2BFE42850884300B639F7 /* Frameworks */ = {
			isa = PBXFrameworksBuildPhase;
			buildActionMask = 2147483647;
			files = (
				75F2C002285088CE00B639F7 /* RxSwift in Frameworks */,
				75F2C000285088CE00B639F7 /* RxCocoa in Frameworks */,
			);
			runOnlyForDeploymentPostprocessing = 0;
		};
/* End PBXFrameworksBuildPhase section */

/* Begin PBXGroup section */
		75F2BFDE2850884300B639F7 = {
			isa = PBXGroup;
			children = (
				75F2C00528508C7D00B639F7 /* HelloRxSwift.playground */,
				75F2BFE92850884300B639F7 /* HelloRxSwift */,
				75F2BFE82850884300B639F7 /* Products */,
			);
			sourceTree = "<group>";
		};
		75F2BFE82850884300B639F7 /* Products */ = {
			isa = PBXGroup;
			children = (
				75F2BFE72850884300B639F7 /* HelloRxSwift.app */,
			);
			name = Products;
			sourceTree = "<group>";
		};
		75F2BFE92850884300B639F7 /* HelloRxSwift */ = {
			isa = PBXGroup;
			children = (
				75F2BFEA2850884300B639F7 /* AppDelegate.swift */,
				75F2BFEC2850884300B639F7 /* SceneDelegate.swift */,
				75F2C0082850A4B500B639F7 /* Models */,
				75F2C00F2850A81600B639F7 /* Views */,
				75F2C0092850A51300B639F7 /* Controllers */,
				75F2BFF32850884400B639F7 /* Assets.xcassets */,
				75F2BFF82850884400B639F7 /* Info.plist */,
			);
			path = HelloRxSwift;
			sourceTree = "<group>";
		};
		75F2C0082850A4B500B639F7 /* Models */ = {
			isa = PBXGroup;
			children = (
				75F2C0062850A4AC00B639F7 /* Task.swift */,
			);
			path = Models;
			sourceTree = "<group>";
		};
		75F2C0092850A51300B639F7 /* Controllers */ = {
			isa = PBXGroup;
			children = (
				75F2C00A2850A52D00B639F7 /* TaskListViewController.swift */,
				75F2C00C2850A53E00B639F7 /* AddTaskViewController.swift */,
			);
			path = Controllers;
			sourceTree = "<group>";
		};
		75F2C00E2850A80B00B639F7 /* Cell */ = {
			isa = PBXGroup;
			children = (
				75F2C0102850A84E00B639F7 /* TaskTableViewCell.swift */,
				75F2C0112850A84E00B639F7 /* TaskTableViewCell.xib */,
			);
			path = Cell;
			sourceTree = "<group>";
		};
		75F2C00F2850A81600B639F7 /* Views */ = {
			isa = PBXGroup;
			children = (
				75F2C00E2850A80B00B639F7 /* Cell */,
				758C0D132850AAAB006CA012 /* Main.storyboard */,
				75F2BFF52850884400B639F7 /* LaunchScreen.storyboard */,
			);
			path = Views;
			sourceTree = "<group>";
		};
/* End PBXGroup section */

/* Begin PBXNativeTarget section */
		75F2BFE62850884300B639F7 /* HelloRxSwift */ = {
			isa = PBXNativeTarget;
			buildConfigurationList = 75F2BFFB2850884400B639F7 /* Build configuration list for PBXNativeTarget "HelloRxSwift" */;
			buildPhases = (
				75F2BFE32850884300B639F7 /* Sources */,
				75F2BFE42850884300B639F7 /* Frameworks */,
				75F2BFE52850884300B639F7 /* Resources */,
			);
			buildRules = (
			);
			dependencies = (
			);
			name = HelloRxSwift;
			packageProductDependencies = (
				75F2BFFF285088CE00B639F7 /* RxCocoa */,
				75F2C001285088CE00B639F7 /* RxSwift */,
			);
			productName = HelloRxSwift;
			productReference = 75F2BFE72850884300B639F7 /* HelloRxSwift.app */;
			productType = "com.apple.product-type.application";
		};
/* End PBXNativeTarget section */

/* Begin PBXProject section */
		75F2BFDF2850884300B639F7 /* Project object */ = {
			isa = PBXProject;
			attributes = {
				BuildIndependentTargetsInParallel = 1;
				LastSwiftUpdateCheck = 1340;
				LastUpgradeCheck = 1340;
				TargetAttributes = {
					75F2BFE62850884300B639F7 = {
						CreatedOnToolsVersion = 13.4.1;
					};
				};
			};
			buildConfigurationList = 75F2BFE22850884300B639F7 /* Build configuration list for PBXProject "HelloRxSwift" */;
			compatibilityVersion = "Xcode 13.0";
			developmentRegion = en;
			hasScannedForEncodings = 0;
			knownRegions = (
				en,
				Base,
			);
			mainGroup = 75F2BFDE2850884300B639F7;
			packageReferences = (
				75F2BFFE285088CE00B639F7 /* XCRemoteSwiftPackageReference "RxSwift" */,
			);
			productRefGroup = 75F2BFE82850884300B639F7 /* Products */;
			projectDirPath = "";
			projectRoot = "";
			targets = (
				75F2BFE62850884300B639F7 /* HelloRxSwift */,
			);
		};
/* End PBXProject section */

/* Begin PBXResourcesBuildPhase section */
		75F2BFE52850884300B639F7 /* Resources */ = {
			isa = PBXResourcesBuildPhase;
			buildActionMask = 2147483647;
			files = (
				75F2C0132850A84E00B639F7 /* TaskTableViewCell.xib in Resources */,
				75F2BFF72850884400B639F7 /* LaunchScreen.storyboard in Resources */,
				75F2BFF42850884400B639F7 /* Assets.xcassets in Resources */,
				758C0D142850AAAB006CA012 /* Main.storyboard in Resources */,
			);
			runOnlyForDeploymentPostprocessing = 0;
		};
/* End PBXResourcesBuildPhase section */

/* Begin PBXSourcesBuildPhase section */
		75F2BFE32850884300B639F7 /* Sources */ = {
			isa = PBXSourcesBuildPhase;
			buildActionMask = 2147483647;
			files = (
				75F2C0072850A4AD00B639F7 /* Task.swift in Sources */,
				75F2C00D2850A53E00B639F7 /* AddTaskViewController.swift in Sources */,
				75F2C0122850A84E00B639F7 /* TaskTableViewCell.swift in Sources */,
				75F2BFEB2850884300B639F7 /* AppDelegate.swift in Sources */,
				75F2BFED2850884300B639F7 /* SceneDelegate.swift in Sources */,
				75F2C00B2850A52D00B639F7 /* TaskListViewController.swift in Sources */,
			);
			runOnlyForDeploymentPostprocessing = 0;
		};
/* End PBXSourcesBuildPhase section */

/* Begin PBXVariantGroup section */
		75F2BFF52850884400B639F7 /* LaunchScreen.storyboard */ = {
			isa = PBXVariantGroup;
			children = (
				75F2BFF62850884400B639F7 /* Base */,
			);
			name = LaunchScreen.storyboard;
			sourceTree = "<group>";
		};
/* End PBXVariantGroup section */

/* Begin XCBuildConfiguration section */
		75F2BFF92850884400B639F7 /* Debug */ = {
			isa = XCBuildConfiguration;
			buildSettings = {
				ALWAYS_SEARCH_USER_PATHS = NO;
				CLANG_ANALYZER_NONNULL = YES;
				CLANG_ANALYZER_NUMBER_OBJECT_CONVERSION = YES_AGGRESSIVE;
				CLANG_CXX_LANGUAGE_STANDARD = "gnu++17";
				CLANG_ENABLE_MODULES = YES;
				CLANG_ENABLE_OBJC_ARC = YES;
				CLANG_ENABLE_OBJC_WEAK = YES;
				CLANG_WARN_BLOCK_CAPTURE_AUTORELEASING = YES;
				CLANG_WARN_BOOL_CONVERSION = YES;
				CLANG_WARN_COMMA = YES;
				CLANG_WARN_CONSTANT_CONVERSION = YES;
				CLANG_WARN_DEPRECATED_OBJC_IMPLEMENTATIONS = YES;
				CLANG_WARN_DIRECT_OBJC_ISA_USAGE = YES_ERROR;
				CLANG_WARN_DOCUMENTATION_COMMENTS = YES;
				CLANG_WARN_EMPTY_BODY = YES;
				CLANG_WARN_ENUM_CONVERSION = YES;
				CLANG_WARN_INFINITE_RECURSION = YES;
				CLANG_WARN_INT_CONVERSION = YES;
				CLANG_WARN_NON_LITERAL_NULL_CONVERSION = YES;
				CLANG_WARN_OBJC_IMPLICIT_RETAIN_SELF = YES;
				CLANG_WARN_OBJC_LITERAL_CONVERSION = YES;
				CLANG_WARN_OBJC_ROOT_CLASS = YES_ERROR;
				CLANG_WARN_QUOTED_INCLUDE_IN_FRAMEWORK_HEADER = YES;
				CLANG_WARN_RANGE_LOOP_ANALYSIS = YES;
				CLANG_WARN_STRICT_PROTOTYPES = YES;
				CLANG_WARN_SUSPICIOUS_MOVE = YES;
				CLANG_WARN_UNGUARDED_AVAILABILITY = YES_AGGRESSIVE;
				CLANG_WARN_UNREACHABLE_CODE = YES;
				CLANG_WARN__DUPLICATE_METHOD_MATCH = YES;
				COPY_PHASE_STRIP = NO;
				DEBUG_INFORMATION_FORMAT = dwarf;
				ENABLE_STRICT_OBJC_MSGSEND = YES;
				ENABLE_TESTABILITY = YES;
				GCC_C_LANGUAGE_STANDARD = gnu11;
				GCC_DYNAMIC_NO_PIC = NO;
				GCC_NO_COMMON_BLOCKS = YES;
				GCC_OPTIMIZATION_LEVEL = 0;
				GCC_PREPROCESSOR_DEFINITIONS = (
					"DEBUG=1",
					"$(inherited)",
				);
				GCC_WARN_64_TO_32_BIT_CONVERSION = YES;
				GCC_WARN_ABOUT_RETURN_TYPE = YES_ERROR;
				GCC_WARN_UNDECLARED_SELECTOR = YES;
				GCC_WARN_UNINITIALIZED_AUTOS = YES_AGGRESSIVE;
				GCC_WARN_UNUSED_FUNCTION = YES;
				GCC_WARN_UNUSED_VARIABLE = YES;
				IPHONEOS_DEPLOYMENT_TARGET = 15.5;
				MTL_ENABLE_DEBUG_INFO = INCLUDE_SOURCE;
				MTL_FAST_MATH = YES;
				ONLY_ACTIVE_ARCH = YES;
				SDKROOT = iphoneos;
				SWIFT_ACTIVE_COMPILATION_CONDITIONS = DEBUG;
				SWIFT_OPTIMIZATION_LEVEL = "-Onone";
			};
			name = Debug;
		};
		75F2BFFA2850884400B639F7 /* Release */ = {
			isa = XCBuildConfiguration;
			buildSettings = {
				ALWAYS_SEARCH_USER_PATHS = NO;
				CLANG_ANALYZER_NONNULL = YES;
				CLANG_ANALYZER_NUMBER_OBJECT_CONVERSION = YES_AGGRESSIVE;
				CLANG_CXX_LANGUAGE_STANDARD = "gnu++17";
				CLANG_ENABLE_MODULES = YES;
				CLANG_ENABLE_OBJC_ARC = YES;
				CLANG_ENABLE_OBJC_WEAK = YES;
				CLANG_WARN_BLOCK_CAPTURE_AUTORELEASING = YES;
				CLANG_WARN_BOOL_CONVERSION = YES;
				CLANG_WARN_COMMA = YES;
				CLANG_WARN_CONSTANT_CONVERSION = YES;
				CLANG_WARN_DEPRECATED_OBJC_IMPLEMENTATIONS = YES;
				CLANG_WARN_DIRECT_OBJC_ISA_USAGE = YES_ERROR;
				CLANG_WARN_DOCUMENTATION_COMMENTS = YES;
				CLANG_WARN_EMPTY_BODY = YES;
				CLANG_WARN_ENUM_CONVERSION = YES;
				CLANG_WARN_INFINITE_RECURSION = YES;
				CLANG_WARN_INT_CONVERSION = YES;
				CLANG_WARN_NON_LITERAL_NULL_CONVERSION = YES;
				CLANG_WARN_OBJC_IMPLICIT_RETAIN_SELF = YES;
				CLANG_WARN_OBJC_LITERAL_CONVERSION = YES;
				CLANG_WARN_OBJC_ROOT_CLASS = YES_ERROR;
				CLANG_WARN_QUOTED_INCLUDE_IN_FRAMEWORK_HEADER = YES;
				CLANG_WARN_RANGE_LOOP_ANALYSIS = YES;
				CLANG_WARN_STRICT_PROTOTYPES = YES;
				CLANG_WARN_SUSPICIOUS_MOVE = YES;
				CLANG_WARN_UNGUARDED_AVAILABILITY = YES_AGGRESSIVE;
				CLANG_WARN_UNREACHABLE_CODE = YES;
				CLANG_WARN__DUPLICATE_METHOD_MATCH = YES;
				COPY_PHASE_STRIP = NO;
				DEBUG_INFORMATION_FORMAT = "dwarf-with-dsym";
				ENABLE_NS_ASSERTIONS = NO;
				ENABLE_STRICT_OBJC_MSGSEND = YES;
				GCC_C_LANGUAGE_STANDARD = gnu11;
				GCC_NO_COMMON_BLOCKS = YES;
				GCC_WARN_64_TO_32_BIT_CONVERSION = YES;
				GCC_WARN_ABOUT_RETURN_TYPE = YES_ERROR;
				GCC_WARN_UNDECLARED_SELECTOR = YES;
				GCC_WARN_UNINITIALIZED_AUTOS = YES_AGGRESSIVE;
				GCC_WARN_UNUSED_FUNCTION = YES;
				GCC_WARN_UNUSED_VARIABLE = YES;
				IPHONEOS_DEPLOYMENT_TARGET = 15.5;
				MTL_ENABLE_DEBUG_INFO = NO;
				MTL_FAST_MATH = YES;
				SDKROOT = iphoneos;
				SWIFT_COMPILATION_MODE = wholemodule;
				SWIFT_OPTIMIZATION_LEVEL = "-O";
				VALIDATE_PRODUCT = YES;
			};
			name = Release;
		};
		75F2BFFC2850884400B639F7 /* Debug */ = {
			isa = XCBuildConfiguration;
			buildSettings = {
				ASSETCATALOG_COMPILER_APPICON_NAME = AppIcon;
				ASSETCATALOG_COMPILER_GLOBAL_ACCENT_COLOR_NAME = AccentColor;
				CODE_SIGN_STYLE = Automatic;
				CURRENT_PROJECT_VERSION = 1;
				DEVELOPMENT_TEAM = 3NDPBHQ9PJ;
				GENERATE_INFOPLIST_FILE = YES;
				INFOPLIST_FILE = HelloRxSwift/Info.plist;
				INFOPLIST_KEY_UIApplicationSupportsIndirectInputEvents = YES;
				INFOPLIST_KEY_UILaunchStoryboardName = LaunchScreen;
				INFOPLIST_KEY_UIMainStoryboardFile = Main;
				INFOPLIST_KEY_UISupportedInterfaceOrientations_iPad = "UIInterfaceOrientationPortrait UIInterfaceOrientationPortraitUpsideDown UIInterfaceOrientationLandscapeLeft UIInterfaceOrientationLandscapeRight";
				INFOPLIST_KEY_UISupportedInterfaceOrientations_iPhone = "UIInterfaceOrientationPortrait UIInterfaceOrientationLandscapeLeft UIInterfaceOrientationLandscapeRight";
				LD_RUNPATH_SEARCH_PATHS = (
					"$(inherited)",
					"@executable_path/Frameworks",
				);
				MARKETING_VERSION = 1.0;
				PRODUCT_BUNDLE_IDENTIFIER = ru.ArturDokhno.HelloRxSwift;
				PRODUCT_NAME = "$(TARGET_NAME)";
				SWIFT_EMIT_LOC_STRINGS = YES;
				SWIFT_VERSION = 5.0;
				TARGETED_DEVICE_FAMILY = "1,2";
			};
			name = Debug;
		};
		75F2BFFD2850884400B639F7 /* Release */ = {
			isa = XCBuildConfiguration;
			buildSettings = {
				ASSETCATALOG_COMPILER_APPICON_NAME = AppIcon;
				ASSETCATALOG_COMPILER_GLOBAL_ACCENT_COLOR_NAME = AccentColor;
				CODE_SIGN_STYLE = Automatic;
				CURRENT_PROJECT_VERSION = 1;
				DEVELOPMENT_TEAM = 3NDPBHQ9PJ;
				GENERATE_INFOPLIST_FILE = YES;
				INFOPLIST_FILE = HelloRxSwift/Info.plist;
				INFOPLIST_KEY_UIApplicationSupportsIndirectInputEvents = YES;
				INFOPLIST_KEY_UILaunchStoryboardName = LaunchScreen;
				INFOPLIST_KEY_UIMainStoryboardFile = Main;
				INFOPLIST_KEY_UISupportedInterfaceOrientations_iPad = "UIInterfaceOrientationPortrait UIInterfaceOrientationPortraitUpsideDown UIInterfaceOrientationLandscapeLeft UIInterfaceOrientationLandscapeRight";
				INFOPLIST_KEY_UISupportedInterfaceOrientations_iPhone = "UIInterfaceOrientationPortrait UIInterfaceOrientationLandscapeLeft UIInterfaceOrientationLandscapeRight";
				LD_RUNPATH_SEARCH_PATHS = (
					"$(inherited)",
					"@executable_path/Frameworks",
				);
				MARKETING_VERSION = 1.0;
				PRODUCT_BUNDLE_IDENTIFIER = ru.ArturDokhno.HelloRxSwift;
				PRODUCT_NAME = "$(TARGET_NAME)";
				SWIFT_EMIT_LOC_STRINGS = YES;
				SWIFT_VERSION = 5.0;
				TARGETED_DEVICE_FAMILY = "1,2";
			};
			name = Release;
		};
/* End XCBuildConfiguration section */

/* Begin XCConfigurationList section */
		75F2BFE22850884300B639F7 /* Build configuration list for PBXProject "HelloRxSwift" */ = {
			isa = XCConfigurationList;
			buildConfigurations = (
				75F2BFF92850884400B639F7 /* Debug */,
				75F2BFFA2850884400B639F7 /* Release */,
			);
			defaultConfigurationIsVisible = 0;
			defaultConfigurationName = Release;
		};
		75F2BFFB2850884400B639F7 /* Build configuration list for PBXNativeTarget "HelloRxSwift" */ = {
			isa = XCConfigurationList;
			buildConfigurations = (
				75F2BFFC2850884400B639F7 /* Debug */,
				75F2BFFD2850884400B639F7 /* Release */,
			);
			defaultConfigurationIsVisible = 0;
			defaultConfigurationName = Release;
		};
/* End XCConfigurationList section */

/* Begin XCRemoteSwiftPackageReference section */
		75F2BFFE285088CE00B639F7 /* XCRemoteSwiftPackageReference "RxSwift" */ = {
			isa = XCRemoteSwiftPackageReference;
			repositoryURL = "https://github.com/ReactiveX/RxSwift.git";
			requirement = {
				kind = upToNextMajorVersion;
				minimumVersion = 6.5.0;
			};
		};
/* End XCRemoteSwiftPackageReference section */

/* Begin XCSwiftPackageProductDependency section */
		75F2BFFF285088CE00B639F7 /* RxCocoa */ = {
			isa = XCSwiftPackageProductDependency;
			package = 75F2BFFE285088CE00B639F7 /* XCRemoteSwiftPackageReference "RxSwift" */;
			productName = RxCocoa;
		};
		75F2C001285088CE00B639F7 /* RxSwift */ = {
			isa = XCSwiftPackageProductDependency;
			package = 75F2BFFE285088CE00B639F7 /* XCRemoteSwiftPackageReference "RxSwift" */;
			productName = RxSwift;
		};
/* End XCSwiftPackageProductDependency section */
	};
	rootObject = 75F2BFDF2850884300B639F7 /* Project object */;
}
